
Microsoft Visual Studio Solution File, Format Version 12.00
# Visual Studio Version 17
VisualStudioVersion = 17.11.35312.102
MinimumVisualStudioVersion = 10.0.40219.1
Project("{FAE04EC0-301F-11D3-BF4B-00C04F79EFBC}") = "tv", "tv.csproj", "{F51E6EC9-C313-41D6-B80A-C5FDC8012D8D}"
EndProject
Global
	GlobalSection(SolutionConfigurationPlatforms) = preSolution
		Debug|Any CPU = Debug|Any CPU
		Release|Any CPU = Release|Any CPU
	EndGlobalSection
	GlobalSection(ProjectConfigurationPlatforms) = postSolution
		{F51E6EC9-C313-41D6-B80A-C5FDC8012D8D}.Debug|Any CPU.ActiveCfg = Debug|Any CPU
		{F51E6EC9-C313-41D6-B80A-C5FDC8012D8D}.Debug|Any CPU.Build.0 = Debug|Any CPU
		{F51E6EC9-C313-41D6-B80A-C5FDC8012D8D}.Release|Any CPU.ActiveCfg = Release|Any CPU
		{F51E6EC9-C313-41D6-B80A-C5FDC8012D8D}.Release|Any CPU.Build.0 = Release|Any CPU
	EndGlobalSection
	GlobalSection(SolutionProperties) = preSolution
		HideSolutionNode = FALSE
	EndGlobalSection
	GlobalSection(ExtensibilityGlobals) = postSolution
		SolutionGuid = {7B08A644-8558-4B0A-B437-6F19B48C8FC0}
	EndGlobalSection
EndGlobal
